
Microsoft Visual Studio Solution File, Format Version 12.00
# Visual Studio Version 16
VisualStudioVersion = 16.0.30523.141
MinimumVisualStudioVersion = 10.0.40219.1
Project("{9A19103F-16F7-4668-BE54-9A1E7A4F7556}") = "LastAPIAssignment", "LastAPIAssignment\LastAPIAssignment.csproj", "{13560FEC-3C59-4C5B-843E-A0DA4422401C}"
EndProject
Global
	GlobalSection(SolutionConfigurationPlatforms) = preSolution
		Debug|Any CPU = Debug|Any CPU
		Release|Any CPU = Release|Any CPU
	EndGlobalSection
	GlobalSection(ProjectConfigurationPlatforms) = postSolution
		{13560FEC-3C59-4C5B-843E-A0DA4422401C}.Debug|Any CPU.ActiveCfg = Debug|Any CPU
		{13560FEC-3C59-4C5B-843E-A0DA4422401C}.Debug|Any CPU.Build.0 = Debug|Any CPU
		{13560FEC-3C59-4C5B-843E-A0DA4422401C}.Release|Any CPU.ActiveCfg = Release|Any CPU
		{13560FEC-3C59-4C5B-843E-A0DA4422401C}.Release|Any CPU.Build.0 = Release|Any CPU
	EndGlobalSection
	GlobalSection(SolutionProperties) = preSolution
		HideSolutionNode = FALSE
	EndGlobalSection
	GlobalSection(ExtensibilityGlobals) = postSolution
		SolutionGuid = {FA023FA4-DC58-46B4-8C12-EC73B8E0D17A}
	EndGlobalSection
EndGlobal
